<?xml version="1.0" encoding="utf-8"?>
<Project ToolsVersion="4.0" xmlns="http://schemas.microsoft.com/developer/msbuild/2003">
  <ItemGroup>
    <ClCompile Include="src\sentencepiece_processor.cc" />
    <ClCompile Include="src\filesystem.cc" />
    <ClCompile Include="src\model_factory.cc" />
    <ClCompile Include="src\model_interface.cc" />
    <ClCompile Include="src\normalizer.cc" />
    <ClCompile Include="src\util.cc" />
    <ClCompile Include="src\builtin_pb\sentencepiece_model.pb.cc" />
    <ClCompile Include="src\bpe_model.cc" />
    <ClCompile Include="src\char_model.cc" />
    <ClCompile Include="src\unigram_model.cc" />
    <ClCompile Include="src\builtin_pb\sentencepiece.pb.cc" />
    <ClCompile Include="src\word_model.cc" />
    <ClCompile Include="ComLight\Processor.cpp" />
    <ClCompile Include="third_party\absl\flags\flag.cc" />
    <ClCompile Include="third_party\protobuf-lite\arena.cc" />
    <ClCompile Include="third_party\protobuf-lite\arenastring.cc" />
    <ClCompile Include="third_party\protobuf-lite\bytestream.cc" />
    <ClCompile Include="third_party\protobuf-lite\coded_stream.cc" />
    <ClCompile Include="third_party\protobuf-lite\common.cc" />
    <ClCompile Include="third_party\protobuf-lite\extension_set.cc" />
    <ClCompile Include="third_party\protobuf-lite\generated_enum_util.cc" />
    <ClCompile Include="third_party\protobuf-lite\generated_message_table_driven_lite.cc" />
    <ClCompile Include="third_party\protobuf-lite\implicit_weak_message.cc" />
    <ClCompile Include="third_party\protobuf-lite\int128.cc" />
    <ClCompile Include="third_party\protobuf-lite\io_win32.cc" />
    <ClCompile Include="third_party\protobuf-lite\message_lite.cc" />
    <ClCompile Include="third_party\protobuf-lite\parse_context.cc" />
    <ClCompile Include="third_party\protobuf-lite\repeated_field.cc" />
    <ClCompile Include="third_party\protobuf-lite\status.cc" />
    <ClCompile Include="third_party\protobuf-lite\statusor.cc" />
    <ClCompile Include="third_party\protobuf-lite\stringpiece.cc" />
    <ClCompile Include="third_party\protobuf-lite\stringprintf.cc" />
    <ClCompile Include="third_party\protobuf-lite\structurally_valid.cc" />
    <ClCompile Include="third_party\protobuf-lite\strutil.cc" />
    <ClCompile Include="third_party\protobuf-lite\time.cc" />
    <ClCompile Include="third_party\protobuf-lite\wire_format_lite.cc" />
    <ClCompile Include="third_party\protobuf-lite\zero_copy_stream.cc" />
    <ClCompile Include="third_party\protobuf-lite\zero_copy_stream_impl.cc" />
    <ClCompile Include="third_party\protobuf-lite\zero_copy_stream_impl_lite.cc" />
    <ClCompile Include="src\error.cc" />
    <ClCompile Include="third_party\protobuf-lite\generated_message_util.cc" />
  </ItemGroup>
  <ItemGroup>
    <ClInclude Include="src\sentencepiece_processor.h" />
    <ClInclude Include="src\common.h" />
    <ClInclude Include="src\filesystem.h" />
    <ClInclude Include="src\model_factory.h" />
    <ClInclude Include="src\model_interface.h" />
    <ClInclude Include="src\normalizer.h" />
    <ClInclude Include="src\util.h" />
    <ClInclude Include="src\builtin_pb\sentencepiece_model.pb.h" />
    <ClInclude Include="src\bpe_model.h" />
    <ClInclude Include="src\char_model.h" />
    <ClInclude Include="src\unigram_model.h" />
    <ClInclude Include="src\builtin_pb\sentencepiece.pb.h" />
    <ClInclude Include="src\freelist.h" />
    <ClInclude Include="src\word_model.h" />
    <ClInclude Include="ComLight\Processor.h" />
    <ClInclude Include="third_party\absl\container\flat_hash_map.h" />
    <ClInclude Include="third_party\absl\container\flat_hash_set.h" />
    <ClInclude Include="third_party\absl\flags\flag.h" />
    <ClInclude Include="third_party\absl\flags\parse.h" />
    <ClInclude Include="third_party\absl\memory\memory.h" />
    <ClInclude Include="third_party\absl\random\distributions.h" />
    <ClInclude Include="third_party\absl\random\random.h" />
    <ClInclude Include="third_party\absl\strings\ascii.h" />
    <ClInclude Include="third_party\absl\strings\match.h" />
    <ClInclude Include="third_party\absl\strings\numbers.h" />
    <ClInclude Include="third_party\absl\strings\str_cat.h" />
    <ClInclude Include="third_party\absl\strings\str_format.h" />
    <ClInclude Include="third_party\absl\strings\str_join.h" />
    <ClInclude Include="third_party\absl\strings\str_replace.h" />
    <ClInclude Include="third_party\absl\strings\str_split.h" />
    <ClInclude Include="third_party\absl\strings\string_view.h" />
    <ClInclude Include="third_party\absl\strings\strip.h" />
    <ClInclude Include="third_party\darts_clone\darts.h" />
    <ClInclude Include="third_party\protobuf-lite\google\protobuf\io\coded_stream.h" />
    <ClInclude Include="third_party\protobuf-lite\google\protobuf\io\io_win32.h" />
    <ClInclude Include="third_party\protobuf-lite\google\protobuf\io\zero_copy_stream.h" />
    <ClInclude Include="third_party\protobuf-lite\google\protobuf\io\zero_copy_stream_impl.h" />
    <ClInclude Include="third_party\protobuf-lite\google\protobuf\io\zero_copy_stream_impl_lite.h" />
    <ClInclude Include="third_party\protobuf-lite\google\protobuf\stubs\bytestream.h" />
    <ClInclude Include="third_party\protobuf-lite\google\protobuf\stubs\callback.h" />
    <ClInclude Include="third_party\protobuf-lite\google\protobuf\stubs\casts.h" />
    <ClInclude Include="third_party\protobuf-lite\google\protobuf\stubs\common.h" />
    <ClInclude Include="third_party\protobuf-lite\google\protobuf\stubs\hash.h" />
    <ClInclude Include="third_party\protobuf-lite\google\protobuf\stubs\int128.h" />
    <ClInclude Include="third_party\protobuf-lite\google\protobuf\stubs\logging.h" />
    <ClInclude Include="third_party\protobuf-lite\google\protobuf\stubs\macros.h" />
    <ClInclude Include="third_party\protobuf-lite\google\protobuf\stubs\map_util.h" />
    <ClInclude Include="third_party\protobuf-lite\google\protobuf\stubs\mutex.h" />
    <ClInclude Include="third_party\protobuf-lite\google\protobuf\stubs\once.h" />
    <ClInclude Include="third_party\protobuf-lite\google\protobuf\stubs\platform_macros.h" />
    <ClInclude Include="third_party\protobuf-lite\google\protobuf\stubs\port.h" />
    <ClInclude Include="third_party\protobuf-lite\google\protobuf\stubs\status.h" />
    <ClInclude Include="third_party\protobuf-lite\google\protobuf\stubs\statusor.h" />
    <ClInclude Include="third_party\protobuf-lite\google\protobuf\stubs\stl_util.h" />
    <ClInclude Include="third_party\protobuf-lite\google\protobuf\stubs\stringpiece.h" />
    <ClInclude Include="third_party\protobuf-lite\google\protobuf\stubs\stringprintf.h" />
    <ClInclude Include="third_party\protobuf-lite\google\protobuf\stubs\strutil.h" />
    <ClInclude Include="third_party\protobuf-lite\google\protobuf\stubs\time.h" />
    <ClInclude Include="third_party\protobuf-lite\google\protobuf\any.h" />
    <ClInclude Include="third_party\protobuf-lite\google\protobuf\arena.h" />
    <ClInclude Include="third_party\protobuf-lite\google\protobuf\arena_impl.h" />
    <ClInclude Include="third_party\protobuf-lite\google\protobuf\arenastring.h" />
    <ClInclude Include="third_party\protobuf-lite\google\protobuf\descriptor.h" />
    <ClInclude Include="third_party\protobuf-lite\google\protobuf\extension_set.h" />
    <ClInclude Include="third_party\protobuf-lite\google\protobuf\extension_set_inl.h" />
    <ClInclude Include="third_party\protobuf-lite\google\protobuf\generated_enum_reflection.h" />
    <ClInclude Include="third_party\protobuf-lite\google\protobuf\generated_enum_util.h" />
    <ClInclude Include="third_party\protobuf-lite\google\protobuf\generated_message_table_driven.h" />
    <ClInclude Include="third_party\protobuf-lite\google\protobuf\generated_message_table_driven_lite.h" />
    <ClInclude Include="third_party\protobuf-lite\google\protobuf\generated_message_util.h" />
    <ClInclude Include="third_party\protobuf-lite\google\protobuf\has_bits.h" />
    <ClInclude Include="third_party\protobuf-lite\google\protobuf\implicit_weak_message.h" />
    <ClInclude Include="third_party\protobuf-lite\google\protobuf\map.h" />
    <ClInclude Include="third_party\protobuf-lite\google\protobuf\map_entry_lite.h" />
    <ClInclude Include="third_party\protobuf-lite\google\protobuf\map_field_lite.h" />
    <ClInclude Include="third_party\protobuf-lite\google\protobuf\map_type_handler.h" />
    <ClInclude Include="third_party\protobuf-lite\google\protobuf\message_lite.h" />
    <ClInclude Include="third_party\protobuf-lite\google\protobuf\metadata_lite.h" />
    <ClInclude Include="third_party\protobuf-lite\google\protobuf\parse_context.h" />
    <ClInclude Include="third_party\protobuf-lite\google\protobuf\port.h" />
    <ClInclude Include="third_party\protobuf-lite\google\protobuf\repeated_field.h" />
    <ClInclude Include="third_party\protobuf-lite\google\protobuf\unknown_field_set.h" />
    <ClInclude Include="third_party\protobuf-lite\google\protobuf\wire_format_lite.h" />
    <ClInclude Include="src\init.h" />
  </ItemGroup>
  <ItemGroup>
    <None Include="third_party\protobuf-lite\google\protobuf\port_def.inc" />
    <None Include="third_party\protobuf-lite\google\protobuf\port_undef.inc" />
  </ItemGroup>
</Project>