
Microsoft Visual Studio Solution File, Format Version 12.00
# Visual Studio Version 17
VisualStudioVersion = 17.7.34202.233
MinimumVisualStudioVersion = 10.0.40219.1
Project("{8BC9CEB8-8B4A-11D0-8D11-00A0C91BC942}") = "Cgml", "CGML\Cgml\Cgml.vcxproj", "{B05493AD-6952-4D10-8E1D-B5143678BAA4}"
EndProject
Project("{8BC9CEB8-8B4A-11D0-8D11-00A0C91BC942}") = "SentencePiece", "CGML\SentencePiece\SentencePiece.vcxproj", "{D85D522D-5A68-471E-8943-96A676785FE4}"
EndProject
Project("{8BC9CEB8-8B4A-11D0-8D11-00A0C91BC942}") = "ComLightLib", "CGML\ComLightLib\ComLightLib.vcxproj", "{52F486E7-830C-45D8-BE47-E76B5AAB2772}"
EndProject
Project("{9A19103F-16F7-4668-BE54-9A1E7A4F7556}") = "CgmlNet", "CGML\CgmlNet\CgmlNet.csproj", "{891410ED-D10A-43EF-B910-39DBAFB42A01}"
	ProjectSection(ProjectDependencies) = postProject
		{B05493AD-6952-4D10-8E1D-B5143678BAA4} = {B05493AD-6952-4D10-8E1D-B5143678BAA4}
	EndProjectSection
EndProject
Project("{2150E333-8FDC-42A3-9474-1A3956D46DE8}") = "Common", "Common", "{60EC69F5-ADB4-476C-B03C-5254A0FAA8E0}"
	ProjectSection(SolutionItems) = preProject
		CGML\Readme.md = CGML\Readme.md
	EndProjectSection
EndProject
Project("{9A19103F-16F7-4668-BE54-9A1E7A4F7556}") = "TorchLoader", "CGML\TorchLoader\TorchLoader.csproj", "{A8FAA349-270A-4284-95E1-080B0373DC35}"
EndProject
Project("{2150E333-8FDC-42A3-9474-1A3956D46DE8}") = "Mistral", "Mistral", "{A8CD9173-A6ED-4943-81B7-AFBABC781FF4}"
EndProject
Project("{9A19103F-16F7-4668-BE54-9A1E7A4F7556}") = "MistralModel", "Mistral\MistralModel\MistralModel.csproj", "{59CA3BE2-AC51-41EC-9DA1-9AF1D75B92C1}"
	ProjectSection(ProjectDependencies) = postProject
		{1C39D386-96D0-47A1-BBFA-68BBDB24439C} = {1C39D386-96D0-47A1-BBFA-68BBDB24439C}
	EndProjectSection
EndProject
Project("{9A19103F-16F7-4668-BE54-9A1E7A4F7556}") = "MistralConsole", "Mistral\MistralConsole\MistralConsole.csproj", "{ACD11D79-BB3B-4880-B88B-8350BB8F8C09}"
EndProject
Project("{8BC9CEB8-8B4A-11D0-8D11-00A0C91BC942}") = "MistralShaders", "Mistral\MistralShaders\MistralShaders.vcxproj", "{1C39D386-96D0-47A1-BBFA-68BBDB24439C}"
	ProjectSection(ProjectDependencies) = postProject
		{4E21147E-2DBF-4031-B35C-200559819282} = {4E21147E-2DBF-4031-B35C-200559819282}
	EndProjectSection
EndProject
Project("{9A19103F-16F7-4668-BE54-9A1E7A4F7556}") = "PackShaders", "CGML\PackShaders\PackShaders.csproj", "{4E21147E-2DBF-4031-B35C-200559819282}"
EndProject
Project("{2150E333-8FDC-42A3-9474-1A3956D46DE8}") = "Temp", "Temp", "{54F686E8-BFE8-4E57-A1FC-5CCCED2A7FED}"
EndProject
Project("{9A19103F-16F7-4668-BE54-9A1E7A4F7556}") = "Freqs", "Mistral\Temp\Freqs\Freqs.csproj", "{BF6C3A36-0D07-41CE-BCD6-79E9AEBD8667}"
EndProject
Project("{9A19103F-16F7-4668-BE54-9A1E7A4F7556}") = "MistralChat", "Mistral\MistralChat\MistralChat.csproj", "{698E0E0E-F55C-4FA5-A0E5-A1802F512C3F}"
EndProject
Project("{2150E333-8FDC-42A3-9474-1A3956D46DE8}") = "Solution Items", "Solution Items", "{4B642E90-2B4F-4EDA-B47A-F7B26A8A08A1}"
	ProjectSection(SolutionItems) = preProject
		Pre-existing IP.md = Pre-existing IP.md
		Readme.md = Readme.md
	EndProjectSection
EndProject
Project("{2150E333-8FDC-42A3-9474-1A3956D46DE8}") = "ImageProcessor", "ImageProcessor", "{E18A13CE-C59D-4230-A4BD-63A47FBA873F}"
EndProject
Project("{8BC9CEB8-8B4A-11D0-8D11-00A0C91BC942}") = "ImageShaders", "CGML\ImageProcessor\ImageShaders\ImageShaders.vcxproj", "{5A1864EA-8BD5-4EC9-9F18-7D15DFB629E0}"
EndProject
Project("{9A19103F-16F7-4668-BE54-9A1E7A4F7556}") = "ImageShadersPack", "CGML\ImageProcessor\ImageShadersPack\ImageShadersPack.csproj", "{BBDA843D-0F50-4704-9E8B-0FDA8BDFB70F}"
EndProject
Global
	GlobalSection(SolutionConfigurationPlatforms) = preSolution
		Debug|Any CPU = Debug|Any CPU
		Release|Any CPU = Release|Any CPU
	EndGlobalSection
	GlobalSection(ProjectConfigurationPlatforms) = postSolution
		{B05493AD-6952-4D10-8E1D-B5143678BAA4}.Debug|Any CPU.ActiveCfg = Debug|x64
		{B05493AD-6952-4D10-8E1D-B5143678BAA4}.Debug|Any CPU.Build.0 = Debug|x64
		{B05493AD-6952-4D10-8E1D-B5143678BAA4}.Release|Any CPU.ActiveCfg = Release|x64
		{B05493AD-6952-4D10-8E1D-B5143678BAA4}.Release|Any CPU.Build.0 = Release|x64
		{D85D522D-5A68-471E-8943-96A676785FE4}.Debug|Any CPU.ActiveCfg = Debug|x64
		{D85D522D-5A68-471E-8943-96A676785FE4}.Debug|Any CPU.Build.0 = Debug|x64
		{D85D522D-5A68-471E-8943-96A676785FE4}.Release|Any CPU.ActiveCfg = Release|x64
		{D85D522D-5A68-471E-8943-96A676785FE4}.Release|Any CPU.Build.0 = Release|x64
		{52F486E7-830C-45D8-BE47-E76B5AAB2772}.Debug|Any CPU.ActiveCfg = Debug|x64
		{52F486E7-830C-45D8-BE47-E76B5AAB2772}.Debug|Any CPU.Build.0 = Debug|x64
		{52F486E7-830C-45D8-BE47-E76B5AAB2772}.Release|Any CPU.ActiveCfg = Release|x64
		{52F486E7-830C-45D8-BE47-E76B5AAB2772}.Release|Any CPU.Build.0 = Release|x64
		{891410ED-D10A-43EF-B910-39DBAFB42A01}.Debug|Any CPU.ActiveCfg = Debug|Any CPU
		{891410ED-D10A-43EF-B910-39DBAFB42A01}.Debug|Any CPU.Build.0 = Debug|Any CPU
		{891410ED-D10A-43EF-B910-39DBAFB42A01}.Release|Any CPU.ActiveCfg = Release|Any CPU
		{891410ED-D10A-43EF-B910-39DBAFB42A01}.Release|Any CPU.Build.0 = Release|Any CPU
		{A8FAA349-270A-4284-95E1-080B0373DC35}.Debug|Any CPU.ActiveCfg = Debug|Any CPU
		{A8FAA349-270A-4284-95E1-080B0373DC35}.Debug|Any CPU.Build.0 = Debug|Any CPU
		{A8FAA349-270A-4284-95E1-080B0373DC35}.Release|Any CPU.ActiveCfg = Release|Any CPU
		{A8FAA349-270A-4284-95E1-080B0373DC35}.Release|Any CPU.Build.0 = Release|Any CPU
		{59CA3BE2-AC51-41EC-9DA1-9AF1D75B92C1}.Debug|Any CPU.ActiveCfg = Debug|Any CPU
		{59CA3BE2-AC51-41EC-9DA1-9AF1D75B92C1}.Debug|Any CPU.Build.0 = Debug|Any CPU
		{59CA3BE2-AC51-41EC-9DA1-9AF1D75B92C1}.Release|Any CPU.ActiveCfg = Release|Any CPU
		{59CA3BE2-AC51-41EC-9DA1-9AF1D75B92C1}.Release|Any CPU.Build.0 = Release|Any CPU
		{ACD11D79-BB3B-4880-B88B-8350BB8F8C09}.Debug|Any CPU.ActiveCfg = Debug|Any CPU
		{ACD11D79-BB3B-4880-B88B-8350BB8F8C09}.Debug|Any CPU.Build.0 = Debug|Any CPU
		{ACD11D79-BB3B-4880-B88B-8350BB8F8C09}.Release|Any CPU.ActiveCfg = Release|Any CPU
		{ACD11D79-BB3B-4880-B88B-8350BB8F8C09}.Release|Any CPU.Build.0 = Release|Any CPU
		{1C39D386-96D0-47A1-BBFA-68BBDB24439C}.Debug|Any CPU.ActiveCfg = Debug|x64
		{1C39D386-96D0-47A1-BBFA-68BBDB24439C}.Debug|Any CPU.Build.0 = Debug|x64
		{1C39D386-96D0-47A1-BBFA-68BBDB24439C}.Release|Any CPU.ActiveCfg = Release|x64
		{1C39D386-96D0-47A1-BBFA-68BBDB24439C}.Release|Any CPU.Build.0 = Release|x64
		{4E21147E-2DBF-4031-B35C-200559819282}.Debug|Any CPU.ActiveCfg = Debug|Any CPU
		{4E21147E-2DBF-4031-B35C-200559819282}.Debug|Any CPU.Build.0 = Debug|Any CPU
		{4E21147E-2DBF-4031-B35C-200559819282}.Release|Any CPU.ActiveCfg = Release|Any CPU
		{4E21147E-2DBF-4031-B35C-200559819282}.Release|Any CPU.Build.0 = Release|Any CPU
		{BF6C3A36-0D07-41CE-BCD6-79E9AEBD8667}.Debug|Any CPU.ActiveCfg = Debug|Any CPU
		{BF6C3A36-0D07-41CE-BCD6-79E9AEBD8667}.Debug|Any CPU.Build.0 = Debug|Any CPU
		{BF6C3A36-0D07-41CE-BCD6-79E9AEBD8667}.Release|Any CPU.ActiveCfg = Release|Any CPU
		{BF6C3A36-0D07-41CE-BCD6-79E9AEBD8667}.Release|Any CPU.Build.0 = Release|Any CPU
		{698E0E0E-F55C-4FA5-A0E5-A1802F512C3F}.Debug|Any CPU.ActiveCfg = Debug|Any CPU
		{698E0E0E-F55C-4FA5-A0E5-A1802F512C3F}.Debug|Any CPU.Build.0 = Debug|Any CPU
		{698E0E0E-F55C-4FA5-A0E5-A1802F512C3F}.Release|Any CPU.ActiveCfg = Release|Any CPU
		{698E0E0E-F55C-4FA5-A0E5-A1802F512C3F}.Release|Any CPU.Build.0 = Release|Any CPU
		{5A1864EA-8BD5-4EC9-9F18-7D15DFB629E0}.Debug|Any CPU.ActiveCfg = Debug|x64
		{5A1864EA-8BD5-4EC9-9F18-7D15DFB629E0}.Debug|Any CPU.Build.0 = Debug|x64
		{5A1864EA-8BD5-4EC9-9F18-7D15DFB629E0}.Release|Any CPU.ActiveCfg = Release|x64
		{5A1864EA-8BD5-4EC9-9F18-7D15DFB629E0}.Release|Any CPU.Build.0 = Release|x64
		{BBDA843D-0F50-4704-9E8B-0FDA8BDFB70F}.Debug|Any CPU.ActiveCfg = Debug|Any CPU
		{BBDA843D-0F50-4704-9E8B-0FDA8BDFB70F}.Debug|Any CPU.Build.0 = Debug|Any CPU
		{BBDA843D-0F50-4704-9E8B-0FDA8BDFB70F}.Release|Any CPU.ActiveCfg = Release|Any CPU
		{BBDA843D-0F50-4704-9E8B-0FDA8BDFB70F}.Release|Any CPU.Build.0 = Release|Any CPU
	EndGlobalSection
	GlobalSection(SolutionProperties) = preSolution
		HideSolutionNode = FALSE
	EndGlobalSection
	GlobalSection(NestedProjects) = preSolution
		{B05493AD-6952-4D10-8E1D-B5143678BAA4} = {60EC69F5-ADB4-476C-B03C-5254A0FAA8E0}
		{D85D522D-5A68-471E-8943-96A676785FE4} = {60EC69F5-ADB4-476C-B03C-5254A0FAA8E0}
		{52F486E7-830C-45D8-BE47-E76B5AAB2772} = {60EC69F5-ADB4-476C-B03C-5254A0FAA8E0}
		{891410ED-D10A-43EF-B910-39DBAFB42A01} = {60EC69F5-ADB4-476C-B03C-5254A0FAA8E0}
		{A8FAA349-270A-4284-95E1-080B0373DC35} = {60EC69F5-ADB4-476C-B03C-5254A0FAA8E0}
		{59CA3BE2-AC51-41EC-9DA1-9AF1D75B92C1} = {A8CD9173-A6ED-4943-81B7-AFBABC781FF4}
		{ACD11D79-BB3B-4880-B88B-8350BB8F8C09} = {A8CD9173-A6ED-4943-81B7-AFBABC781FF4}
		{1C39D386-96D0-47A1-BBFA-68BBDB24439C} = {A8CD9173-A6ED-4943-81B7-AFBABC781FF4}
		{4E21147E-2DBF-4031-B35C-200559819282} = {60EC69F5-ADB4-476C-B03C-5254A0FAA8E0}
		{54F686E8-BFE8-4E57-A1FC-5CCCED2A7FED} = {A8CD9173-A6ED-4943-81B7-AFBABC781FF4}
		{BF6C3A36-0D07-41CE-BCD6-79E9AEBD8667} = {54F686E8-BFE8-4E57-A1FC-5CCCED2A7FED}
		{698E0E0E-F55C-4FA5-A0E5-A1802F512C3F} = {A8CD9173-A6ED-4943-81B7-AFBABC781FF4}
		{E18A13CE-C59D-4230-A4BD-63A47FBA873F} = {60EC69F5-ADB4-476C-B03C-5254A0FAA8E0}
		{5A1864EA-8BD5-4EC9-9F18-7D15DFB629E0} = {E18A13CE-C59D-4230-A4BD-63A47FBA873F}
		{BBDA843D-0F50-4704-9E8B-0FDA8BDFB70F} = {E18A13CE-C59D-4230-A4BD-63A47FBA873F}
	EndGlobalSection
	GlobalSection(ExtensibilityGlobals) = postSolution
		SolutionGuid = {3E753F9C-89F1-451B-A2A5-D0FCB61D8068}
	EndGlobalSection
EndGlobal
